
Microsoft Visual Studio Solution File, Format Version 12.00
# Visual Studio Version 17
VisualStudioVersion = 17.5.33516.290
MinimumVisualStudioVersion = 10.0.40219.1
Project("{FAE04EC0-301F-11D3-BF4B-00C04F79EFBC}") = "1-Domain", "1-Domain\1-Domain.csproj", "{09E8C7F7-D786-444F-B137-727FE6B85553}"
EndProject
Project("{FAE04EC0-301F-11D3-BF4B-00C04F79EFBC}") = "2-Persistent", "2-Persistent\2-Persistent.csproj", "{0FE67133-3609-40C7-A5D8-8C29FBC8ED58}"
EndProject
Project("{FAE04EC0-301F-11D3-BF4B-00C04F79EFBC}") = "3-Infrastructure", "3-Infrastructure\3-Infrastructure.csproj", "{E6EE5D1C-2669-4148-A9D3-FB3DF87B8FE6}"
EndProject
Project("{FAE04EC0-301F-11D3-BF4B-00C04F79EFBC}") = "4-Services", "4-Services\4-Services.csproj", "{7318C74A-B5B3-4F1C-B128-86A15839D1F8}"
EndProject
Project("{FAE04EC0-301F-11D3-BF4B-00C04F79EFBC}") = "5-WebApp", "5-WebApp\5-WebApp.csproj", "{B5DA3D32-52FB-444E-A367-5EA185FC647E}"
EndProject
Global
	GlobalSection(SolutionConfigurationPlatforms) = preSolution
		Debug|Any CPU = Debug|Any CPU
		Release|Any CPU = Release|Any CPU
	EndGlobalSection
	GlobalSection(ProjectConfigurationPlatforms) = postSolution
		{09E8C7F7-D786-444F-B137-727FE6B85553}.Debug|Any CPU.ActiveCfg = Debug|Any CPU
		{09E8C7F7-D786-444F-B137-727FE6B85553}.Debug|Any CPU.Build.0 = Debug|Any CPU
		{09E8C7F7-D786-444F-B137-727FE6B85553}.Release|Any CPU.ActiveCfg = Release|Any CPU
		{09E8C7F7-D786-444F-B137-727FE6B85553}.Release|Any CPU.Build.0 = Release|Any CPU
		{0FE67133-3609-40C7-A5D8-8C29FBC8ED58}.Debug|Any CPU.ActiveCfg = Debug|Any CPU
		{0FE67133-3609-40C7-A5D8-8C29FBC8ED58}.Debug|Any CPU.Build.0 = Debug|Any CPU
		{0FE67133-3609-40C7-A5D8-8C29FBC8ED58}.Release|Any CPU.ActiveCfg = Release|Any CPU
		{0FE67133-3609-40C7-A5D8-8C29FBC8ED58}.Release|Any CPU.Build.0 = Release|Any CPU
		{E6EE5D1C-2669-4148-A9D3-FB3DF87B8FE6}.Debug|Any CPU.ActiveCfg = Debug|Any CPU
		{E6EE5D1C-2669-4148-A9D3-FB3DF87B8FE6}.Debug|Any CPU.Build.0 = Debug|Any CPU
		{E6EE5D1C-2669-4148-A9D3-FB3DF87B8FE6}.Release|Any CPU.ActiveCfg = Release|Any CPU
		{E6EE5D1C-2669-4148-A9D3-FB3DF87B8FE6}.Release|Any CPU.Build.0 = Release|Any CPU
		{7318C74A-B5B3-4F1C-B128-86A15839D1F8}.Debug|Any CPU.ActiveCfg = Debug|Any CPU
		{7318C74A-B5B3-4F1C-B128-86A15839D1F8}.Debug|Any CPU.Build.0 = Debug|Any CPU
		{7318C74A-B5B3-4F1C-B128-86A15839D1F8}.Release|Any CPU.ActiveCfg = Release|Any CPU
		{7318C74A-B5B3-4F1C-B128-86A15839D1F8}.Release|Any CPU.Build.0 = Release|Any CPU
		{B5DA3D32-52FB-444E-A367-5EA185FC647E}.Debug|Any CPU.ActiveCfg = Debug|Any CPU
		{B5DA3D32-52FB-444E-A367-5EA185FC647E}.Debug|Any CPU.Build.0 = Debug|Any CPU
		{B5DA3D32-52FB-444E-A367-5EA185FC647E}.Release|Any CPU.ActiveCfg = Release|Any CPU
		{B5DA3D32-52FB-444E-A367-5EA185FC647E}.Release|Any CPU.Build.0 = Release|Any CPU
	EndGlobalSection
	GlobalSection(SolutionProperties) = preSolution
		HideSolutionNode = FALSE
	EndGlobalSection
	GlobalSection(ExtensibilityGlobals) = postSolution
		SolutionGuid = {6CC0418B-9C20-440C-8242-550D1A28F255}
	EndGlobalSection
EndGlobal
